
Microsoft Visual Studio Solution File, Format Version 12.00
# Visual Studio 2013
VisualStudioVersion = 12.0.30723.0
MinimumVisualStudioVersion = 10.0.40219.1
Project("{2150E333-8FDC-42A3-9474-1A3956D46DE8}") = "DokanOnly", "DokanOnly", "{7072131C-56EE-4CF8-AC9B-DA2D05AB5536}"
EndProject
Project("{2150E333-8FDC-42A3-9474-1A3956D46DE8}") = "Kernel", "Kernel", "{ECB0BF41-D9E5-4131-A228-2E19099C67B9}"
EndProject
Project("{2150E333-8FDC-42A3-9474-1A3956D46DE8}") = "DokanXNet", "DokanXNet", "{2A07E224-88FC-4D3C-BD96-4666774A75A8}"
EndProject
Project("{2150E333-8FDC-42A3-9474-1A3956D46DE8}") = "CodeUMVFS", "CodeUMVFS", "{F491796B-CF90-4218-A3DE-4CB67EA69948}"
EndProject
Project("{2150E333-8FDC-42A3-9474-1A3956D46DE8}") = "WorkShop", "WorkShop", "{74BB45C2-CA3B-4F7E-AE85-4045D0C6B779}"
EndProject
Project("{8BC9CEB8-8B4A-11D0-8D11-00A0C91BC942}") = "Common", "DokanOnly\Common\Common.vcxproj", "{6053D32F-0C6B-4A75-A5FD-D8143785ABB0}"
EndProject
Project("{8BC9CEB8-8B4A-11D0-8D11-00A0C91BC942}") = "dokanx", "DokanOnly\dokanx\dokanx.vcxproj", "{F25BA22F-2AB8-4859-9B89-8FE1E774B472}"
EndProject
Project("{8BC9CEB8-8B4A-11D0-8D11-00A0C91BC942}") = "dokanx_control", "DokanOnly\dokanx_control\dokanx_control.vcxproj", "{A1881DF2-0A37-4AF4-86DC-EE0251CC6EA6}"
EndProject
Project("{8BC9CEB8-8B4A-11D0-8D11-00A0C91BC942}") = "dokanx_mount", "DokanOnly\dokanx_mount\dokanx_mount.vcxproj", "{688763EB-771C-44AA-A514-DF306DE83D83}"
EndProject
Project("{8BC9CEB8-8B4A-11D0-8D11-00A0C91BC942}") = "mirrorfs", "DokanOnly\mirrorfs\mirrorfs.vcxproj", "{DADCBCAD-4429-422E-9FA9-D8E538D0EF94}"
EndProject
Project("{8BC9CEB8-8B4A-11D0-8D11-00A0C91BC942}") = "DokanXNative", "DokanXNet\DokanXNative\DokanXNative.vcxproj", "{BDB3E942-7D56-4C4C-8302-CD25E3234C39}"
EndProject
Project("{FAE04EC0-301F-11D3-BF4B-00C04F79EFBC}") = "DokanXBase", "DokanXNet\DokanXDelegates\DokanXBase.csproj", "{E2A0CAD2-1001-4A8D-864D-0620568F34F2}"
EndProject
Project("{2150E333-8FDC-42A3-9474-1A3956D46DE8}") = "Adapters", "Adapters", "{D9989609-ABA4-42E8-BF8C-37C866B4A528}"
EndProject
Project("{FAE04EC0-301F-11D3-BF4B-00C04F79EFBC}") = "Test", "Adapters\Test\Test.csproj", "{61998F1A-7F50-453D-9C06-ED2C76C6C722}"
EndProject
Project("{FAE04EC0-301F-11D3-BF4B-00C04F79EFBC}") = "FSUtils", "Adapters\FSUtils\FSUtils.csproj", "{6905A038-0541-48C2-8B50-4A098954CF3B}"
EndProject
Project("{FAE04EC0-301F-11D3-BF4B-00C04F79EFBC}") = "NullFileSystem", "Adapters\NullFileSystem\NullFileSystem.csproj", "{6DEA6F24-43B9-4AAD-9056-6848103F198E}"
EndProject
Project("{FAE04EC0-301F-11D3-BF4B-00C04F79EFBC}") = "Utility", "Adapters\Utilitie\Utility.csproj", "{E6FC0B09-EDE2-4CED-90A7-A54A3FA56147}"
EndProject
Project("{FAE04EC0-301F-11D3-BF4B-00C04F79EFBC}") = "WinProcfs", "Adapters\WinProcfs\WinProcfs.csproj", "{3171A305-D7EB-4E91-8AAC-09D008BA6330}"
EndProject
Project("{2150E333-8FDC-42A3-9474-1A3956D46DE8}") = "Helpers", "Helpers", "{F27BFE8B-D9D8-4A05-AFBF-ABAC081FC2AC}"
EndProject
Global
	GlobalSection(SolutionConfigurationPlatforms) = preSolution
		Debug|Any CPU = Debug|Any CPU
		Debug|Mixed Platforms = Debug|Mixed Platforms
		Debug|Win32 = Debug|Win32
		Debug|x64 = Debug|x64
		Debug|x86 = Debug|x86
		Release|Any CPU = Release|Any CPU
		Release|Mixed Platforms = Release|Mixed Platforms
		Release|Win32 = Release|Win32
		Release|x64 = Release|x64
		Release|x86 = Release|x86
	EndGlobalSection
	GlobalSection(ProjectConfigurationPlatforms) = postSolution
		{6053D32F-0C6B-4A75-A5FD-D8143785ABB0}.Debug|Any CPU.ActiveCfg = Debug|Win32
		{6053D32F-0C6B-4A75-A5FD-D8143785ABB0}.Debug|Mixed Platforms.ActiveCfg = Debug|Win32
		{6053D32F-0C6B-4A75-A5FD-D8143785ABB0}.Debug|Mixed Platforms.Build.0 = Debug|Win32
		{6053D32F-0C6B-4A75-A5FD-D8143785ABB0}.Debug|Win32.ActiveCfg = Debug|Win32
		{6053D32F-0C6B-4A75-A5FD-D8143785ABB0}.Debug|Win32.Build.0 = Debug|Win32
		{6053D32F-0C6B-4A75-A5FD-D8143785ABB0}.Debug|x64.ActiveCfg = Debug|x64
		{6053D32F-0C6B-4A75-A5FD-D8143785ABB0}.Debug|x64.Build.0 = Debug|x64
		{6053D32F-0C6B-4A75-A5FD-D8143785ABB0}.Debug|x86.ActiveCfg = Debug|Win32
		{6053D32F-0C6B-4A75-A5FD-D8143785ABB0}.Debug|x86.Build.0 = Debug|Win32
		{6053D32F-0C6B-4A75-A5FD-D8143785ABB0}.Release|Any CPU.ActiveCfg = Release|Win32
		{6053D32F-0C6B-4A75-A5FD-D8143785ABB0}.Release|Mixed Platforms.ActiveCfg = Release|Win32
		{6053D32F-0C6B-4A75-A5FD-D8143785ABB0}.Release|Mixed Platforms.Build.0 = Release|Win32
		{6053D32F-0C6B-4A75-A5FD-D8143785ABB0}.Release|Win32.ActiveCfg = Release|Win32
		{6053D32F-0C6B-4A75-A5FD-D8143785ABB0}.Release|Win32.Build.0 = Release|Win32
		{6053D32F-0C6B-4A75-A5FD-D8143785ABB0}.Release|x64.ActiveCfg = Release|x64
		{6053D32F-0C6B-4A75-A5FD-D8143785ABB0}.Release|x64.Build.0 = Release|x64
		{6053D32F-0C6B-4A75-A5FD-D8143785ABB0}.Release|x86.ActiveCfg = Release|Win32
		{6053D32F-0C6B-4A75-A5FD-D8143785ABB0}.Release|x86.Build.0 = Release|Win32
		{F25BA22F-2AB8-4859-9B89-8FE1E774B472}.Debug|Any CPU.ActiveCfg = Debug|Win32
		{F25BA22F-2AB8-4859-9B89-8FE1E774B472}.Debug|Mixed Platforms.ActiveCfg = Debug|Win32
		{F25BA22F-2AB8-4859-9B89-8FE1E774B472}.Debug|Mixed Platforms.Build.0 = Debug|Win32
		{F25BA22F-2AB8-4859-9B89-8FE1E774B472}.Debug|Win32.ActiveCfg = Debug|Win32
		{F25BA22F-2AB8-4859-9B89-8FE1E774B472}.Debug|Win32.Build.0 = Debug|Win32
		{F25BA22F-2AB8-4859-9B89-8FE1E774B472}.Debug|x64.ActiveCfg = Debug|Win32
		{F25BA22F-2AB8-4859-9B89-8FE1E774B472}.Debug|x86.ActiveCfg = Debug|Win32
		{F25BA22F-2AB8-4859-9B89-8FE1E774B472}.Debug|x86.Build.0 = Debug|Win32
		{F25BA22F-2AB8-4859-9B89-8FE1E774B472}.Release|Any CPU.ActiveCfg = Release|Win32
		{F25BA22F-2AB8-4859-9B89-8FE1E774B472}.Release|Mixed Platforms.ActiveCfg = Release|Win32
		{F25BA22F-2AB8-4859-9B89-8FE1E774B472}.Release|Mixed Platforms.Build.0 = Release|Win32
		{F25BA22F-2AB8-4859-9B89-8FE1E774B472}.Release|Win32.ActiveCfg = Release|Win32
		{F25BA22F-2AB8-4859-9B89-8FE1E774B472}.Release|Win32.Build.0 = Release|Win32
		{F25BA22F-2AB8-4859-9B89-8FE1E774B472}.Release|x64.ActiveCfg = Release|Win32
		{F25BA22F-2AB8-4859-9B89-8FE1E774B472}.Release|x86.ActiveCfg = Release|Win32
		{F25BA22F-2AB8-4859-9B89-8FE1E774B472}.Release|x86.Build.0 = Release|Win32
		{A1881DF2-0A37-4AF4-86DC-EE0251CC6EA6}.Debug|Any CPU.ActiveCfg = Debug|Win32
		{A1881DF2-0A37-4AF4-86DC-EE0251CC6EA6}.Debug|Mixed Platforms.ActiveCfg = Debug|Win32
		{A1881DF2-0A37-4AF4-86DC-EE0251CC6EA6}.Debug|Mixed Platforms.Build.0 = Debug|Win32
		{A1881DF2-0A37-4AF4-86DC-EE0251CC6EA6}.Debug|Win32.ActiveCfg = Debug|Win32
		{A1881DF2-0A37-4AF4-86DC-EE0251CC6EA6}.Debug|Win32.Build.0 = Debug|Win32
		{A1881DF2-0A37-4AF4-86DC-EE0251CC6EA6}.Debug|x64.ActiveCfg = Debug|Win32
		{A1881DF2-0A37-4AF4-86DC-EE0251CC6EA6}.Debug|x86.ActiveCfg = Debug|Win32
		{A1881DF2-0A37-4AF4-86DC-EE0251CC6EA6}.Debug|x86.Build.0 = Debug|Win32
		{A1881DF2-0A37-4AF4-86DC-EE0251CC6EA6}.Release|Any CPU.ActiveCfg = Release|Win32
		{A1881DF2-0A37-4AF4-86DC-EE0251CC6EA6}.Release|Mixed Platforms.ActiveCfg = Release|Win32
		{A1881DF2-0A37-4AF4-86DC-EE0251CC6EA6}.Release|Mixed Platforms.Build.0 = Release|Win32
		{A1881DF2-0A37-4AF4-86DC-EE0251CC6EA6}.Release|Win32.ActiveCfg = Release|Win32
		{A1881DF2-0A37-4AF4-86DC-EE0251CC6EA6}.Release|Win32.Build.0 = Release|Win32
		{A1881DF2-0A37-4AF4-86DC-EE0251CC6EA6}.Release|x64.ActiveCfg = Release|Win32
		{A1881DF2-0A37-4AF4-86DC-EE0251CC6EA6}.Release|x86.ActiveCfg = Release|Win32
		{A1881DF2-0A37-4AF4-86DC-EE0251CC6EA6}.Release|x86.Build.0 = Release|Win32
		{688763EB-771C-44AA-A514-DF306DE83D83}.Debug|Any CPU.ActiveCfg = Debug|Win32
		{688763EB-771C-44AA-A514-DF306DE83D83}.Debug|Mixed Platforms.ActiveCfg = Debug|Win32
		{688763EB-771C-44AA-A514-DF306DE83D83}.Debug|Mixed Platforms.Build.0 = Debug|Win32
		{688763EB-771C-44AA-A514-DF306DE83D83}.Debug|Win32.ActiveCfg = Debug|Win32
		{688763EB-771C-44AA-A514-DF306DE83D83}.Debug|Win32.Build.0 = Debug|Win32
		{688763EB-771C-44AA-A514-DF306DE83D83}.Debug|x64.ActiveCfg = Debug|Win32
		{688763EB-771C-44AA-A514-DF306DE83D83}.Debug|x86.ActiveCfg = Debug|Win32
		{688763EB-771C-44AA-A514-DF306DE83D83}.Debug|x86.Build.0 = Debug|Win32
		{688763EB-771C-44AA-A514-DF306DE83D83}.Release|Any CPU.ActiveCfg = Release|Win32
		{688763EB-771C-44AA-A514-DF306DE83D83}.Release|Mixed Platforms.ActiveCfg = Release|Win32
		{688763EB-771C-44AA-A514-DF306DE83D83}.Release|Mixed Platforms.Build.0 = Release|Win32
		{688763EB-771C-44AA-A514-DF306DE83D83}.Release|Win32.ActiveCfg = Release|Win32
		{688763EB-771C-44AA-A514-DF306DE83D83}.Release|Win32.Build.0 = Release|Win32
		{688763EB-771C-44AA-A514-DF306DE83D83}.Release|x64.ActiveCfg = Release|Win32
		{688763EB-771C-44AA-A514-DF306DE83D83}.Release|x86.ActiveCfg = Release|Win32
		{688763EB-771C-44AA-A514-DF306DE83D83}.Release|x86.Build.0 = Release|Win32
		{DADCBCAD-4429-422E-9FA9-D8E538D0EF94}.Debug|Any CPU.ActiveCfg = Debug|Win32
		{DADCBCAD-4429-422E-9FA9-D8E538D0EF94}.Debug|Mixed Platforms.ActiveCfg = Debug|Win32
		{DADCBCAD-4429-422E-9FA9-D8E538D0EF94}.Debug|Mixed Platforms.Build.0 = Debug|Win32
		{DADCBCAD-4429-422E-9FA9-D8E538D0EF94}.Debug|Win32.ActiveCfg = Debug|Win32
		{DADCBCAD-4429-422E-9FA9-D8E538D0EF94}.Debug|Win32.Build.0 = Debug|Win32
		{DADCBCAD-4429-422E-9FA9-D8E538D0EF94}.Debug|x64.ActiveCfg = Debug|Win32
		{DADCBCAD-4429-422E-9FA9-D8E538D0EF94}.Debug|x86.ActiveCfg = Debug|Win32
		{DADCBCAD-4429-422E-9FA9-D8E538D0EF94}.Debug|x86.Build.0 = Debug|Win32
		{DADCBCAD-4429-422E-9FA9-D8E538D0EF94}.Release|Any CPU.ActiveCfg = Release|Win32
		{DADCBCAD-4429-422E-9FA9-D8E538D0EF94}.Release|Mixed Platforms.ActiveCfg = Release|Win32
		{DADCBCAD-4429-422E-9FA9-D8E538D0EF94}.Release|Mixed Platforms.Build.0 = Release|Win32
		{DADCBCAD-4429-422E-9FA9-D8E538D0EF94}.Release|Win32.ActiveCfg = Release|Win32
		{DADCBCAD-4429-422E-9FA9-D8E538D0EF94}.Release|Win32.Build.0 = Release|Win32
		{DADCBCAD-4429-422E-9FA9-D8E538D0EF94}.Release|x64.ActiveCfg = Release|Win32
		{DADCBCAD-4429-422E-9FA9-D8E538D0EF94}.Release|x86.ActiveCfg = Release|Win32
		{DADCBCAD-4429-422E-9FA9-D8E538D0EF94}.Release|x86.Build.0 = Release|Win32
		{BDB3E942-7D56-4C4C-8302-CD25E3234C39}.Debug|Any CPU.ActiveCfg = Debug|Win32
		{BDB3E942-7D56-4C4C-8302-CD25E3234C39}.Debug|Mixed Platforms.ActiveCfg = Debug|Win32
		{BDB3E942-7D56-4C4C-8302-CD25E3234C39}.Debug|Mixed Platforms.Build.0 = Debug|Win32
		{BDB3E942-7D56-4C4C-8302-CD25E3234C39}.Debug|Win32.ActiveCfg = Debug|Win32
		{BDB3E942-7D56-4C4C-8302-CD25E3234C39}.Debug|Win32.Build.0 = Debug|Win32
		{BDB3E942-7D56-4C4C-8302-CD25E3234C39}.Debug|x64.ActiveCfg = Debug|Win32
		{BDB3E942-7D56-4C4C-8302-CD25E3234C39}.Debug|x86.ActiveCfg = Debug|Win32
		{BDB3E942-7D56-4C4C-8302-CD25E3234C39}.Debug|x86.Build.0 = Debug|Win32
		{BDB3E942-7D56-4C4C-8302-CD25E3234C39}.Release|Any CPU.ActiveCfg = Release|Win32
		{BDB3E942-7D56-4C4C-8302-CD25E3234C39}.Release|Mixed Platforms.ActiveCfg = Release|Win32
		{BDB3E942-7D56-4C4C-8302-CD25E3234C39}.Release|Mixed Platforms.Build.0 = Release|Win32
		{BDB3E942-7D56-4C4C-8302-CD25E3234C39}.Release|Win32.ActiveCfg = Release|Win32
		{BDB3E942-7D56-4C4C-8302-CD25E3234C39}.Release|Win32.Build.0 = Release|Win32
		{BDB3E942-7D56-4C4C-8302-CD25E3234C39}.Release|x64.ActiveCfg = Release|Win32
		{BDB3E942-7D56-4C4C-8302-CD25E3234C39}.Release|x86.ActiveCfg = Release|Win32
		{BDB3E942-7D56-4C4C-8302-CD25E3234C39}.Release|x86.Build.0 = Release|Win32
		{E2A0CAD2-1001-4A8D-864D-0620568F34F2}.Debug|Any CPU.ActiveCfg = Debug|Any CPU
		{E2A0CAD2-1001-4A8D-864D-0620568F34F2}.Debug|Any CPU.Build.0 = Debug|Any CPU
		{E2A0CAD2-1001-4A8D-864D-0620568F34F2}.Debug|Mixed Platforms.ActiveCfg = Debug|Any CPU
		{E2A0CAD2-1001-4A8D-864D-0620568F34F2}.Debug|Mixed Platforms.Build.0 = Debug|Any CPU
		{E2A0CAD2-1001-4A8D-864D-0620568F34F2}.Debug|Win32.ActiveCfg = Debug|Any CPU
		{E2A0CAD2-1001-4A8D-864D-0620568F34F2}.Debug|x64.ActiveCfg = Debug|Any CPU
		{E2A0CAD2-1001-4A8D-864D-0620568F34F2}.Debug|x86.ActiveCfg = Debug|Any CPU
		{E2A0CAD2-1001-4A8D-864D-0620568F34F2}.Release|Any CPU.ActiveCfg = Release|Any CPU
		{E2A0CAD2-1001-4A8D-864D-0620568F34F2}.Release|Any CPU.Build.0 = Release|Any CPU
		{E2A0CAD2-1001-4A8D-864D-0620568F34F2}.Release|Mixed Platforms.ActiveCfg = Release|Any CPU
		{E2A0CAD2-1001-4A8D-864D-0620568F34F2}.Release|Mixed Platforms.Build.0 = Release|Any CPU
		{E2A0CAD2-1001-4A8D-864D-0620568F34F2}.Release|Win32.ActiveCfg = Release|Any CPU
		{E2A0CAD2-1001-4A8D-864D-0620568F34F2}.Release|x64.ActiveCfg = Release|Any CPU
		{E2A0CAD2-1001-4A8D-864D-0620568F34F2}.Release|x86.ActiveCfg = Release|Any CPU
		{61998F1A-7F50-453D-9C06-ED2C76C6C722}.Debug|Any CPU.ActiveCfg = Debug|Any CPU
		{61998F1A-7F50-453D-9C06-ED2C76C6C722}.Debug|Any CPU.Build.0 = Debug|Any CPU
		{61998F1A-7F50-453D-9C06-ED2C76C6C722}.Debug|Mixed Platforms.ActiveCfg = Debug|Any CPU
		{61998F1A-7F50-453D-9C06-ED2C76C6C722}.Debug|Mixed Platforms.Build.0 = Debug|Any CPU
		{61998F1A-7F50-453D-9C06-ED2C76C6C722}.Debug|Win32.ActiveCfg = Debug|Any CPU
		{61998F1A-7F50-453D-9C06-ED2C76C6C722}.Debug|x64.ActiveCfg = Debug|Any CPU
		{61998F1A-7F50-453D-9C06-ED2C76C6C722}.Debug|x86.ActiveCfg = Debug|Any CPU
		{61998F1A-7F50-453D-9C06-ED2C76C6C722}.Release|Any CPU.ActiveCfg = Release|Any CPU
		{61998F1A-7F50-453D-9C06-ED2C76C6C722}.Release|Any CPU.Build.0 = Release|Any CPU
		{61998F1A-7F50-453D-9C06-ED2C76C6C722}.Release|Mixed Platforms.ActiveCfg = Release|Any CPU
		{61998F1A-7F50-453D-9C06-ED2C76C6C722}.Release|Mixed Platforms.Build.0 = Release|Any CPU
		{61998F1A-7F50-453D-9C06-ED2C76C6C722}.Release|Win32.ActiveCfg = Release|Any CPU
		{61998F1A-7F50-453D-9C06-ED2C76C6C722}.Release|x64.ActiveCfg = Release|Any CPU
		{61998F1A-7F50-453D-9C06-ED2C76C6C722}.Release|x86.ActiveCfg = Release|Any CPU
		{6905A038-0541-48C2-8B50-4A098954CF3B}.Debug|Any CPU.ActiveCfg = Debug|Any CPU
		{6905A038-0541-48C2-8B50-4A098954CF3B}.Debug|Any CPU.Build.0 = Debug|Any CPU
		{6905A038-0541-48C2-8B50-4A098954CF3B}.Debug|Mixed Platforms.ActiveCfg = Debug|Any CPU
		{6905A038-0541-48C2-8B50-4A098954CF3B}.Debug|Mixed Platforms.Build.0 = Debug|Any CPU
		{6905A038-0541-48C2-8B50-4A098954CF3B}.Debug|Win32.ActiveCfg = Debug|Any CPU
		{6905A038-0541-48C2-8B50-4A098954CF3B}.Debug|x64.ActiveCfg = Debug|Any CPU
		{6905A038-0541-48C2-8B50-4A098954CF3B}.Debug|x86.ActiveCfg = Debug|Any CPU
		{6905A038-0541-48C2-8B50-4A098954CF3B}.Release|Any CPU.ActiveCfg = Release|Any CPU
		{6905A038-0541-48C2-8B50-4A098954CF3B}.Release|Any CPU.Build.0 = Release|Any CPU
		{6905A038-0541-48C2-8B50-4A098954CF3B}.Release|Mixed Platforms.ActiveCfg = Release|Any CPU
		{6905A038-0541-48C2-8B50-4A098954CF3B}.Release|Mixed Platforms.Build.0 = Release|Any CPU
		{6905A038-0541-48C2-8B50-4A098954CF3B}.Release|Win32.ActiveCfg = Release|Any CPU
		{6905A038-0541-48C2-8B50-4A098954CF3B}.Release|x64.ActiveCfg = Release|Any CPU
		{6905A038-0541-48C2-8B50-4A098954CF3B}.Release|x86.ActiveCfg = Release|Any CPU
		{6DEA6F24-43B9-4AAD-9056-6848103F198E}.Debug|Any CPU.ActiveCfg = Debug|Any CPU
		{6DEA6F24-43B9-4AAD-9056-6848103F198E}.Debug|Any CPU.Build.0 = Debug|Any CPU
		{6DEA6F24-43B9-4AAD-9056-6848103F198E}.Debug|Mixed Platforms.ActiveCfg = Debug|Any CPU
		{6DEA6F24-43B9-4AAD-9056-6848103F198E}.Debug|Mixed Platforms.Build.0 = Debug|Any CPU
		{6DEA6F24-43B9-4AAD-9056-6848103F198E}.Debug|Win32.ActiveCfg = Debug|Any CPU
		{6DEA6F24-43B9-4AAD-9056-6848103F198E}.Debug|x64.ActiveCfg = Debug|Any CPU
		{6DEA6F24-43B9-4AAD-9056-6848103F198E}.Debug|x86.ActiveCfg = Debug|Any CPU
		{6DEA6F24-43B9-4AAD-9056-6848103F198E}.Release|Any CPU.ActiveCfg = Release|Any CPU
		{6DEA6F24-43B9-4AAD-9056-6848103F198E}.Release|Any CPU.Build.0 = Release|Any CPU
		{6DEA6F24-43B9-4AAD-9056-6848103F198E}.Release|Mixed Platforms.ActiveCfg = Release|Any CPU
		{6DEA6F24-43B9-4AAD-9056-6848103F198E}.Release|Mixed Platforms.Build.0 = Release|Any CPU
		{6DEA6F24-43B9-4AAD-9056-6848103F198E}.Release|Win32.ActiveCfg = Release|Any CPU
		{6DEA6F24-43B9-4AAD-9056-6848103F198E}.Release|x64.ActiveCfg = Release|Any CPU
		{6DEA6F24-43B9-4AAD-9056-6848103F198E}.Release|x86.ActiveCfg = Release|Any CPU
		{E6FC0B09-EDE2-4CED-90A7-A54A3FA56147}.Debug|Any CPU.ActiveCfg = Debug|Any CPU
		{E6FC0B09-EDE2-4CED-90A7-A54A3FA56147}.Debug|Any CPU.Build.0 = Debug|Any CPU
		{E6FC0B09-EDE2-4CED-90A7-A54A3FA56147}.Debug|Mixed Platforms.ActiveCfg = Debug|Any CPU
		{E6FC0B09-EDE2-4CED-90A7-A54A3FA56147}.Debug|Mixed Platforms.Build.0 = Debug|Any CPU
		{E6FC0B09-EDE2-4CED-90A7-A54A3FA56147}.Debug|Win32.ActiveCfg = Debug|Any CPU
		{E6FC0B09-EDE2-4CED-90A7-A54A3FA56147}.Debug|x64.ActiveCfg = Debug|Any CPU
		{E6FC0B09-EDE2-4CED-90A7-A54A3FA56147}.Debug|x86.ActiveCfg = Debug|Any CPU
		{E6FC0B09-EDE2-4CED-90A7-A54A3FA56147}.Release|Any CPU.ActiveCfg = Release|Any CPU
		{E6FC0B09-EDE2-4CED-90A7-A54A3FA56147}.Release|Any CPU.Build.0 = Release|Any CPU
		{E6FC0B09-EDE2-4CED-90A7-A54A3FA56147}.Release|Mixed Platforms.ActiveCfg = Release|Any CPU
		{E6FC0B09-EDE2-4CED-90A7-A54A3FA56147}.Release|Mixed Platforms.Build.0 = Release|Any CPU
		{E6FC0B09-EDE2-4CED-90A7-A54A3FA56147}.Release|Win32.ActiveCfg = Release|Any CPU
		{E6FC0B09-EDE2-4CED-90A7-A54A3FA56147}.Release|x64.ActiveCfg = Release|Any CPU
		{E6FC0B09-EDE2-4CED-90A7-A54A3FA56147}.Release|x86.ActiveCfg = Release|Any CPU
		{3171A305-D7EB-4E91-8AAC-09D008BA6330}.Debug|Any CPU.ActiveCfg = Debug|Any CPU
		{3171A305-D7EB-4E91-8AAC-09D008BA6330}.Debug|Any CPU.Build.0 = Debug|Any CPU
		{3171A305-D7EB-4E91-8AAC-09D008BA6330}.Debug|Mixed Platforms.ActiveCfg = Debug|x86
		{3171A305-D7EB-4E91-8AAC-09D008BA6330}.Debug|Mixed Platforms.Build.0 = Debug|x86
		{3171A305-D7EB-4E91-8AAC-09D008BA6330}.Debug|Win32.ActiveCfg = Debug|x86
		{3171A305-D7EB-4E91-8AAC-09D008BA6330}.Debug|Win32.Build.0 = Debug|x86
		{3171A305-D7EB-4E91-8AAC-09D008BA6330}.Debug|x64.ActiveCfg = Debug|Any CPU
		{3171A305-D7EB-4E91-8AAC-09D008BA6330}.Debug|x86.ActiveCfg = Debug|x86
		{3171A305-D7EB-4E91-8AAC-09D008BA6330}.Debug|x86.Build.0 = Debug|x86
		{3171A305-D7EB-4E91-8AAC-09D008BA6330}.Release|Any CPU.ActiveCfg = Release|Any CPU
		{3171A305-D7EB-4E91-8AAC-09D008BA6330}.Release|Any CPU.Build.0 = Release|Any CPU
		{3171A305-D7EB-4E91-8AAC-09D008BA6330}.Release|Mixed Platforms.ActiveCfg = Release|x86
		{3171A305-D7EB-4E91-8AAC-09D008BA6330}.Release|Mixed Platforms.Build.0 = Release|x86
		{3171A305-D7EB-4E91-8AAC-09D008BA6330}.Release|Win32.ActiveCfg = Release|x86
		{3171A305-D7EB-4E91-8AAC-09D008BA6330}.Release|Win32.Build.0 = Release|x86
		{3171A305-D7EB-4E91-8AAC-09D008BA6330}.Release|x64.ActiveCfg = Release|Any CPU
		{3171A305-D7EB-4E91-8AAC-09D008BA6330}.Release|x86.ActiveCfg = Release|x86
		{3171A305-D7EB-4E91-8AAC-09D008BA6330}.Release|x86.Build.0 = Release|x86
	EndGlobalSection
	GlobalSection(SolutionProperties) = preSolution
		HideSolutionNode = FALSE
	EndGlobalSection
	GlobalSection(NestedProjects) = preSolution
		{6053D32F-0C6B-4A75-A5FD-D8143785ABB0} = {7072131C-56EE-4CF8-AC9B-DA2D05AB5536}
		{F25BA22F-2AB8-4859-9B89-8FE1E774B472} = {7072131C-56EE-4CF8-AC9B-DA2D05AB5536}
		{A1881DF2-0A37-4AF4-86DC-EE0251CC6EA6} = {7072131C-56EE-4CF8-AC9B-DA2D05AB5536}
		{688763EB-771C-44AA-A514-DF306DE83D83} = {7072131C-56EE-4CF8-AC9B-DA2D05AB5536}
		{DADCBCAD-4429-422E-9FA9-D8E538D0EF94} = {7072131C-56EE-4CF8-AC9B-DA2D05AB5536}
		{BDB3E942-7D56-4C4C-8302-CD25E3234C39} = {2A07E224-88FC-4D3C-BD96-4666774A75A8}
		{E2A0CAD2-1001-4A8D-864D-0620568F34F2} = {2A07E224-88FC-4D3C-BD96-4666774A75A8}
		{61998F1A-7F50-453D-9C06-ED2C76C6C722} = {D9989609-ABA4-42E8-BF8C-37C866B4A528}
		{6905A038-0541-48C2-8B50-4A098954CF3B} = {F27BFE8B-D9D8-4A05-AFBF-ABAC081FC2AC}
		{6DEA6F24-43B9-4AAD-9056-6848103F198E} = {D9989609-ABA4-42E8-BF8C-37C866B4A528}
		{E6FC0B09-EDE2-4CED-90A7-A54A3FA56147} = {F27BFE8B-D9D8-4A05-AFBF-ABAC081FC2AC}
		{3171A305-D7EB-4E91-8AAC-09D008BA6330} = {D9989609-ABA4-42E8-BF8C-37C866B4A528}
		{F27BFE8B-D9D8-4A05-AFBF-ABAC081FC2AC} = {D9989609-ABA4-42E8-BF8C-37C866B4A528}
	EndGlobalSection
EndGlobal
